
Microsoft Visual Studio Solution File, Format Version 12.00
# Visual Studio Version 17
VisualStudioVersion = 17.4.33403.182
MinimumVisualStudioVersion = 10.0.40219.1
Project("{FAE04EC0-301F-11D3-BF4B-00C04F79EFBC}") = "Grupo6.Logistics", "Grupo6.Logistics\Grupo6.Logistics.csproj", "{584E61CF-F09B-452A-93FE-BA3A0D72C8B6}"
EndProject
Global
	GlobalSection(SolutionConfigurationPlatforms) = preSolution
		Debug|Any CPU = Debug|Any CPU
		Release|Any CPU = Release|Any CPU
	EndGlobalSection
	GlobalSection(ProjectConfigurationPlatforms) = postSolution
		{584E61CF-F09B-452A-93FE-BA3A0D72C8B6}.Debug|Any CPU.ActiveCfg = Debug|Any CPU
		{584E61CF-F09B-452A-93FE-BA3A0D72C8B6}.Debug|Any CPU.Build.0 = Debug|Any CPU
		{584E61CF-F09B-452A-93FE-BA3A0D72C8B6}.Release|Any CPU.ActiveCfg = Release|Any CPU
		{584E61CF-F09B-452A-93FE-BA3A0D72C8B6}.Release|Any CPU.Build.0 = Release|Any CPU
	EndGlobalSection
	GlobalSection(SolutionProperties) = preSolution
		HideSolutionNode = FALSE
	EndGlobalSection
	GlobalSection(ExtensibilityGlobals) = postSolution
		SolutionGuid = {6A49AF09-EFB4-4D97-8719-F2B522DEDADD}
	EndGlobalSection
EndGlobal
